// !$*UTF8*$!
{
	archiveVersion = 1;
	classes = {
	};
	objectVersion = 50;
	objects = {

/* Begin PBXBuildFile section */
		9BBBF4C9236751D2009F03D3 /* AppDelegate.swift in Sources */ = {isa = PBXBuildFile; fileRef = 9BBBF4C8236751D2009F03D3 /* AppDelegate.swift */; };
		9BBBF4CB236751D2009F03D3 /* ViewController.swift in Sources */ = {isa = PBXBuildFile; fileRef = 9BBBF4CA236751D2009F03D3 /* ViewController.swift */; };
		9BBBF4CE236751D2009F03D3 /* Main.storyboard in Resources */ = {isa = PBXBuildFile; fileRef = 9BBBF4CC236751D2009F03D3 /* Main.storyboard */; };
		9BBBF4D0236751D3009F03D3 /* Assets.xcassets in Resources */ = {isa = PBXBuildFile; fileRef = 9BBBF4CF236751D3009F03D3 /* Assets.xcassets */; };
		9BBBF4D3236751D3009F03D3 /* LaunchScreen.storyboard in Resources */ = {isa = PBXBuildFile; fileRef = 9BBBF4D1236751D3009F03D3 /* LaunchScreen.storyboard */; };
		9BBBF4DE236751D4009F03D3 /* bullEyeTests.swift in Sources */ = {isa = PBXBuildFile; fileRef = 9BBBF4DD236751D4009F03D3 /* bullEyeTests.swift */; };
		9BBBF4E9236751D4009F03D3 /* bullEyeUITests.swift in Sources */ = {isa = PBXBuildFile; fileRef = 9BBBF4E8236751D4009F03D3 /* bullEyeUITests.swift */; };
/* End PBXBuildFile section */

/* Begin PBXContainerItemProxy section */
		9BBBF4DA236751D4009F03D3 /* PBXContainerItemProxy */ = {
			isa = PBXContainerItemProxy;
			containerPortal = 9BBBF4BD236751D2009F03D3 /* Project object */;
			proxyType = 1;
			remoteGlobalIDString = 9BBBF4C4236751D2009F03D3;
			remoteInfo = bullEye;
		};
		9BBBF4E5236751D4009F03D3 /* PBXContainerItemProxy */ = {
			isa = PBXContainerItemProxy;
			containerPortal = 9BBBF4BD236751D2009F03D3 /* Project object */;
			proxyType = 1;
			remoteGlobalIDString = 9BBBF4C4236751D2009F03D3;
			remoteInfo = bullEye;
		};
/* End PBXContainerItemProxy section */

/* Begin PBXFileReference section */
		9BBBF4C5236751D2009F03D3 /* bullEye.app */ = {isa = PBXFileReference; explicitFileType = wrapper.application; includeInIndex = 0; path = bullEye.app; sourceTree = BUILT_PRODUCTS_DIR; };
		9BBBF4C8236751D2009F03D3 /* AppDelegate.swift */ = {isa = PBXFileReference; lastKnownFileType = sourcecode.swift; path = AppDelegate.swift; sourceTree = "<group>"; };
		9BBBF4CA236751D2009F03D3 /* ViewController.swift */ = {isa = PBXFileReference; lastKnownFileType = sourcecode.swift; path = ViewController.swift; sourceTree = "<group>"; };
		9BBBF4CD236751D2009F03D3 /* Base */ = {isa = PBXFileReference; lastKnownFileType = file.storyboard; name = Base; path = Base.lproj/Main.storyboard; sourceTree = "<group>"; };
		9BBBF4CF236751D3009F03D3 /* Assets.xcassets */ = {isa = PBXFileReference; lastKnownFileType = folder.assetcatalog; path = Assets.xcassets; sourceTree = "<group>"; };
		9BBBF4D2236751D3009F03D3 /* Base */ = {isa = PBXFileReference; lastKnownFileType = file.storyboard; name = Base; path = Base.lproj/LaunchScreen.storyboard; sourceTree = "<group>"; };
		9BBBF4D4236751D3009F03D3 /* Info.plist */ = {isa = PBXFileReference; lastKnownFileType = text.plist.xml; path = Info.plist; sourceTree = "<group>"; };
		9BBBF4D9236751D4009F03D3 /* bullEyeTests.xctest */ = {isa = PBXFileReference; explicitFileType = wrapper.cfbundle; includeInIndex = 0; path = bullEyeTests.xctest; sourceTree = BUILT_PRODUCTS_DIR; };
		9BBBF4DD236751D4009F03D3 /* bullEyeTests.swift */ = {isa = PBXFileReference; lastKnownFileType = sourcecode.swift; path = bullEyeTests.swift; sourceTree = "<group>"; };
		9BBBF4DF236751D4009F03D3 /* Info.plist */ = {isa = PBXFileReference; lastKnownFileType = text.plist.xml; path = Info.plist; sourceTree = "<group>"; };
		9BBBF4E4236751D4009F03D3 /* bullEyeUITests.xctest */ = {isa = PBXFileReference; explicitFileType = wrapper.cfbundle; includeInIndex = 0; path = bullEyeUITests.xctest; sourceTree = BUILT_PRODUCTS_DIR; };
		9BBBF4E8236751D4009F03D3 /* bullEyeUITests.swift */ = {isa = PBXFileReference; lastKnownFileType = sourcecode.swift; path = bullEyeUITests.swift; sourceTree = "<group>"; };
		9BBBF4EA236751D4009F03D3 /* Info.plist */ = {isa = PBXFileReference; lastKnownFileType = text.plist.xml; path = Info.plist; sourceTree = "<group>"; };
/* End PBXFileReference section */

/* Begin PBXFrameworksBuildPhase section */
		9BBBF4C2236751D2009F03D3 /* Frameworks */ = {
			isa = PBXFrameworksBuildPhase;
			buildActionMask = 2147483647;
			files = (
			);
			runOnlyForDeploymentPostprocessing = 0;
		};
		9BBBF4D6236751D4009F03D3 /* Frameworks */ = {
			isa = PBXFrameworksBuildPhase;
			buildActionMask = 2147483647;
			files = (
			);
			runOnlyForDeploymentPostprocessing = 0;
		};
		9BBBF4E1236751D4009F03D3 /* Frameworks */ = {
			isa = PBXFrameworksBuildPhase;
			buildActionMask = 2147483647;
			files = (
			);
			runOnlyForDeploymentPostprocessing = 0;
		};
/* End PBXFrameworksBuildPhase section */

/* Begin PBXGroup section */
		9BBBF4BC236751D2009F03D3 = {
			isa = PBXGroup;
			children = (
				9BBBF4C7236751D2009F03D3 /* bullEye */,
				9BBBF4DC236751D4009F03D3 /* bullEyeTests */,
				9BBBF4E7236751D4009F03D3 /* bullEyeUITests */,
				9BBBF4C6236751D2009F03D3 /* Products */,
			);
			sourceTree = "<group>";
		};
		9BBBF4C6236751D2009F03D3 /* Products */ = {
			isa = PBXGroup;
			children = (
				9BBBF4C5236751D2009F03D3 /* bullEye.app */,
				9BBBF4D9236751D4009F03D3 /* bullEyeTests.xctest */,
				9BBBF4E4236751D4009F03D3 /* bullEyeUITests.xctest */,
			);
			name = Products;
			sourceTree = "<group>";
		};
		9BBBF4C7236751D2009F03D3 /* bullEye */ = {
			isa = PBXGroup;
			children = (
				9BBBF4C8236751D2009F03D3 /* AppDelegate.swift */,
				9BBBF4CA236751D2009F03D3 /* ViewController.swift */,
				9BBBF4CC236751D2009F03D3 /* Main.storyboard */,
				9BBBF4CF236751D3009F03D3 /* Assets.xcassets */,
				9BBBF4D1236751D3009F03D3 /* LaunchScreen.storyboard */,
				9BBBF4D4236751D3009F03D3 /* Info.plist */,
			);
			path = bullEye;
			sourceTree = "<group>";
		};
		9BBBF4DC236751D4009F03D3 /* bullEyeTests */ = {
			isa = PBXGroup;
			children = (
				9BBBF4DD236751D4009F03D3 /* bullEyeTests.swift */,
				9BBBF4DF236751D4009F03D3 /* Info.plist */,
			);
			path = bullEyeTests;
			sourceTree = "<group>";
		};
		9BBBF4E7236751D4009F03D3 /* bullEyeUITests */ = {
			isa = PBXGroup;
			children = (
				9BBBF4E8236751D4009F03D3 /* bullEyeUITests.swift */,
				9BBBF4EA236751D4009F03D3 /* Info.plist */,
			);
			path = bullEyeUITests;
			sourceTree = "<group>";
		};
/* End PBXGroup section */

/* Begin PBXNativeTarget section */
		9BBBF4C4236751D2009F03D3 /* bullEye */ = {
			isa = PBXNativeTarget;
			buildConfigurationList = 9BBBF4ED236751D4009F03D3 /* Build configuration list for PBXNativeTarget "bullEye" */;
			buildPhases = (
				9BBBF4C1236751D2009F03D3 /* Sources */,
				9BBBF4C2236751D2009F03D3 /* Frameworks */,
				9BBBF4C3236751D2009F03D3 /* Resources */,
			);
			buildRules = (
			);
			dependencies = (
			);
			name = bullEye;
			productName = bullEye;
			productReference = 9BBBF4C5236751D2009F03D3 /* bullEye.app */;
			productType = "com.apple.product-type.application";
		};
		9BBBF4D8236751D4009F03D3 /* bullEyeTests */ = {
			isa = PBXNativeTarget;
			buildConfigurationList = 9BBBF4F0236751D4009F03D3 /* Build configuration list for PBXNativeTarget "bullEyeTests" */;
			buildPhases = (
				9BBBF4D5236751D4009F03D3 /* Sources */,
				9BBBF4D6236751D4009F03D3 /* Frameworks */,
				9BBBF4D7236751D4009F03D3 /* Resources */,
			);
			buildRules = (
			);
			dependencies = (
				9BBBF4DB236751D4009F03D3 /* PBXTargetDependency */,
			);
			name = bullEyeTests;
			productName = bullEyeTests;
			productReference = 9BBBF4D9236751D4009F03D3 /* bullEyeTests.xctest */;
			productType = "com.apple.product-type.bundle.unit-test";
		};
		9BBBF4E3236751D4009F03D3 /* bullEyeUITests */ = {
			isa = PBXNativeTarget;
			buildConfigurationList = 9BBBF4F3236751D4009F03D3 /* Build configuration list for PBXNativeTarget "bullEyeUITests" */;
			buildPhases = (
				9BBBF4E0236751D4009F03D3 /* Sources */,
				9BBBF4E1236751D4009F03D3 /* Frameworks */,
				9BBBF4E2236751D4009F03D3 /* Resources */,
			);
			buildRules = (
			);
			dependencies = (
				9BBBF4E6236751D4009F03D3 /* PBXTargetDependency */,
			);
			name = bullEyeUITests;
			productName = bullEyeUITests;
			productReference = 9BBBF4E4236751D4009F03D3 /* bullEyeUITests.xctest */;
			productType = "com.apple.product-type.bundle.ui-testing";
		};
/* End PBXNativeTarget section */

/* Begin PBXProject section */
		9BBBF4BD236751D2009F03D3 /* Project object */ = {
			isa = PBXProject;
			attributes = {
				LastSwiftUpdateCheck = 1030;
				LastUpgradeCheck = 1030;
				ORGANIZATIONNAME = MacStudent;
				TargetAttributes = {
					9BBBF4C4236751D2009F03D3 = {
						CreatedOnToolsVersion = 10.3;
					};
					9BBBF4D8236751D4009F03D3 = {
						CreatedOnToolsVersion = 10.3;
						TestTargetID = 9BBBF4C4236751D2009F03D3;
					};
					9BBBF4E3236751D4009F03D3 = {
						CreatedOnToolsVersion = 10.3;
						TestTargetID = 9BBBF4C4236751D2009F03D3;
					};
				};
			};
			buildConfigurationList = 9BBBF4C0236751D2009F03D3 /* Build configuration list for PBXProject "bullEye" */;
			compatibilityVersion = "Xcode 9.3";
			developmentRegion = en;
			hasScannedForEncodings = 0;
			knownRegions = (
				en,
				Base,
			);
			mainGroup = 9BBBF4BC236751D2009F03D3;
			productRefGroup = 9BBBF4C6236751D2009F03D3 /* Products */;
			projectDirPath = "";
			projectRoot = "";
			targets = (
				9BBBF4C4236751D2009F03D3 /* bullEye */,
				9BBBF4D8236751D4009F03D3 /* bullEyeTests */,
				9BBBF4E3236751D4009F03D3 /* bullEyeUITests */,
			);
		};
/* End PBXProject section */

/* Begin PBXResourcesBuildPhase section */
		9BBBF4C3236751D2009F03D3 /* Resources */ = {
			isa = PBXResourcesBuildPhase;
			buildActionMask = 2147483647;
			files = (
				9BBBF4D3236751D3009F03D3 /* LaunchScreen.storyboard in Resources */,
				9BBBF4D0236751D3009F03D3 /* Assets.xcassets in Resources */,
				9BBBF4CE236751D2009F03D3 /* Main.storyboard in Resources */,
			);
			runOnlyForDeploymentPostprocessing = 0;
		};
		9BBBF4D7236751D4009F03D3 /* Resources */ = {
			isa = PBXResourcesBuildPhase;
			buildActionMask = 2147483647;
			files = (
			);
			runOnlyForDeploymentPostprocessing = 0;
		};
		9BBBF4E2236751D4009F03D3 /* Resources */ = {
			isa = PBXResourcesBuildPhase;
			buildActionMask = 2147483647;
			files = (
			);
			runOnlyForDeploymentPostprocessing = 0;
		};
/* End PBXResourcesBuildPhase section */

/* Begin PBXSourcesBuildPhase section */
		9BBBF4C1236751D2009F03D3 /* Sources */ = {
			isa = PBXSourcesBuildPhase;
			buildActionMask = 2147483647;
			files = (
				9BBBF4CB236751D2009F03D3 /* ViewController.swift in Sources */,
				9BBBF4C9236751D2009F03D3 /* AppDelegate.swift in Sources */,
			);
			runOnlyForDeploymentPostprocessing = 0;
		};
		9BBBF4D5236751D4009F03D3 /* Sources */ = {
			isa = PBXSourcesBuildPhase;
			buildActionMask = 2147483647;
			files = (
				9BBBF4DE236751D4009F03D3 /* bullEyeTests.swift in Sources */,
			);
			runOnlyForDeploymentPostprocessing = 0;
		};
		9BBBF4E0236751D4009F03D3 /* Sources */ = {
			isa = PBXSourcesBuildPhase;
			buildActionMask = 2147483647;
			files = (
				9BBBF4E9236751D4009F03D3 /* bullEyeUITests.swift in Sources */,
			);
			runOnlyForDeploymentPostprocessing = 0;
		};
/* End PBXSourcesBuildPhase section */

/* Begin PBXTargetDependency section */
		9BBBF4DB236751D4009F03D3 /* PBXTargetDependency */ = {
			isa = PBXTargetDependency;
			target = 9BBBF4C4236751D2009F03D3 /* bullEye */;
			targetProxy = 9BBBF4DA236751D4009F03D3 /* PBXContainerItemProxy */;
		};
		9BBBF4E6236751D4009F03D3 /* PBXTargetDependency */ = {
			isa = PBXTargetDependency;
			target = 9BBBF4C4236751D2009F03D3 /* bullEye */;
			targetProxy = 9BBBF4E5236751D4009F03D3 /* PBXContainerItemProxy */;
		};
/* End PBXTargetDependency section */

/* Begin PBXVariantGroup section */
		9BBBF4CC236751D2009F03D3 /* Main.storyboard */ = {
			isa = PBXVariantGroup;
			children = (
				9BBBF4CD236751D2009F03D3 /* Base */,
			);
			name = Main.storyboard;
			sourceTree = "<group>";
		};
		9BBBF4D1236751D3009F03D3 /* LaunchScreen.storyboard */ = {
			isa = PBXVariantGroup;
			children = (
				9BBBF4D2236751D3009F03D3 /* Base */,
			);
			name = LaunchScreen.storyboard;
			sourceTree = "<group>";
		};
/* End PBXVariantGroup section */

/* Begin XCBuildConfiguration section */
		9BBBF4EB236751D4009F03D3 /* Debug */ = {
			isa = XCBuildConfiguration;
			buildSettings = {
				ALWAYS_SEARCH_USER_PATHS = NO;
				CLANG_ANALYZER_NONNULL = YES;
				CLANG_ANALYZER_NUMBER_OBJECT_CONVERSION = YES_AGGRESSIVE;
				CLANG_CXX_LANGUAGE_STANDARD = "gnu++14";
				CLANG_CXX_LIBRARY = "libc++";
				CLANG_ENABLE_MODULES = YES;
				CLANG_ENABLE_OBJC_ARC = YES;
				CLANG_ENABLE_OBJC_WEAK = YES;
				CLANG_WARN_BLOCK_CAPTURE_AUTORELEASING = YES;
				CLANG_WARN_BOOL_CONVERSION = YES;
				CLANG_WARN_COMMA = YES;
				CLANG_WARN_CONSTANT_CONVERSION = YES;
				CLANG_WARN_DEPRECATED_OBJC_IMPLEMENTATIONS = YES;
				CLANG_WARN_DIRECT_OBJC_ISA_USAGE = YES_ERROR;
				CLANG_WARN_DOCUMENTATION_COMMENTS = YES;
				CLANG_WARN_EMPTY_BODY = YES;
				CLANG_WARN_ENUM_CONVERSION = YES;
				CLANG_WARN_INFINITE_RECURSION = YES;
				CLANG_WARN_INT_CONVERSION = YES;
				CLANG_WARN_NON_LITERAL_NULL_CONVERSION = YES;
				CLANG_WARN_OBJC_IMPLICIT_RETAIN_SELF = YES;
				CLANG_WARN_OBJC_LITERAL_CONVERSION = YES;
				CLANG_WARN_OBJC_ROOT_CLASS = YES_ERROR;
				CLANG_WARN_RANGE_LOOP_ANALYSIS = YES;
				CLANG_WARN_STRICT_PROTOTYPES = YES;
				CLANG_WARN_SUSPICIOUS_MOVE = YES;
				CLANG_WARN_UNGUARDED_AVAILABILITY = YES_AGGRESSIVE;
				CLANG_WARN_UNREACHABLE_CODE = YES;
				CLANG_WARN__DUPLICATE_METHOD_MATCH = YES;
				CODE_SIGN_IDENTITY = "iPhone Developer";
				COPY_PHASE_STRIP = NO;
				DEBUG_INFORMATION_FORMAT = dwarf;
				ENABLE_STRICT_OBJC_MSGSEND = YES;
				ENABLE_TESTABILITY = YES;
				GCC_C_LANGUAGE_STANDARD = gnu11;
				GCC_DYNAMIC_NO_PIC = NO;
				GCC_NO_COMMON_BLOCKS = YES;
				GCC_OPTIMIZATION_LEVEL = 0;
				GCC_PREPROCESSOR_DEFINITIONS = (
					"DEBUG=1",
					"$(inherited)",
				);
				GCC_WARN_64_TO_32_BIT_CONVERSION = YES;
				GCC_WARN_ABOUT_RETURN_TYPE = YES_ERROR;
				GCC_WARN_UNDECLARED_SELECTOR = YES;
				GCC_WARN_UNINITIALIZED_AUTOS = YES_AGGRESSIVE;
				GCC_WARN_UNUSED_FUNCTION = YES;
				GCC_WARN_UNUSED_VARIABLE = YES;
				IPHONEOS_DEPLOYMENT_TARGET = 12.4;
				MTL_ENABLE_DEBUG_INFO = INCLUDE_SOURCE;
				MTL_FAST_MATH = YES;
				ONLY_ACTIVE_ARCH = YES;
				SDKROOT = iphoneos;
				SWIFT_ACTIVE_COMPILATION_CONDITIONS = DEBUG;
				SWIFT_OPTIMIZATION_LEVEL = "-Onone";
			};
			name = Debug;
		};
		9BBBF4EC236751D4009F03D3 /* Release */ = {
			isa = XCBuildConfiguration;
			buildSettings = {
				ALWAYS_SEARCH_USER_PATHS = NO;
				CLANG_ANALYZER_NONNULL = YES;
				CLANG_ANALYZER_NUMBER_OBJECT_CONVERSION = YES_AGGRESSIVE;
				CLANG_CXX_LANGUAGE_STANDARD = "gnu++14";
				CLANG_CXX_LIBRARY = "libc++";
				CLANG_ENABLE_MODULES = YES;
				CLANG_ENABLE_OBJC_ARC = YES;
				CLANG_ENABLE_OBJC_WEAK = YES;
				CLANG_WARN_BLOCK_CAPTURE_AUTORELEASING = YES;
				CLANG_WARN_BOOL_CONVERSION = YES;
				CLANG_WARN_COMMA = YES;
				CLANG_WARN_CONSTANT_CONVERSION = YES;
				CLANG_WARN_DEPRECATED_OBJC_IMPLEMENTATIONS = YES;
				CLANG_WARN_DIRECT_OBJC_ISA_USAGE = YES_ERROR;
				CLANG_WARN_DOCUMENTATION_COMMENTS = YES;
				CLANG_WARN_EMPTY_BODY = YES;
				CLANG_WARN_ENUM_CONVERSION = YES;
				CLANG_WARN_INFINITE_RECURSION = YES;
				CLANG_WARN_INT_CONVERSION = YES;
				CLANG_WARN_NON_LITERAL_NULL_CONVERSION = YES;
				CLANG_WARN_OBJC_IMPLICIT_RETAIN_SELF = YES;
				CLANG_WARN_OBJC_LITERAL_CONVERSION = YES;
				CLANG_WARN_OBJC_ROOT_CLASS = YES_ERROR;
				CLANG_WARN_RANGE_LOOP_ANALYSIS = YES;
				CLANG_WARN_STRICT_PROTOTYPES = YES;
				CLANG_WARN_SUSPICIOUS_MOVE = YES;
				CLANG_WARN_UNGUARDED_AVAILABILITY = YES_AGGRESSIVE;
				CLANG_WARN_UNREACHABLE_CODE = YES;
				CLANG_WARN__DUPLICATE_METHOD_MATCH = YES;
				CODE_SIGN_IDENTITY = "iPhone Developer";
				COPY_PHASE_STRIP = NO;
				DEBUG_INFORMATION_FORMAT = "dwarf-with-dsym";
				ENABLE_NS_ASSERTIONS = NO;
				ENABLE_STRICT_OBJC_MSGSEND = YES;
				GCC_C_LANGUAGE_STANDARD = gnu11;
				GCC_NO_COMMON_BLOCKS = YES;
				GCC_WARN_64_TO_32_BIT_CONVERSION = YES;
				GCC_WARN_ABOUT_RETURN_TYPE = YES_ERROR;
				GCC_WARN_UNDECLARED_SELECTOR = YES;
				GCC_WARN_UNINITIALIZED_AUTOS = YES_AGGRESSIVE;
				GCC_WARN_UNUSED_FUNCTION = YES;
				GCC_WARN_UNUSED_VARIABLE = YES;
				IPHONEOS_DEPLOYMENT_TARGET = 12.4;
				MTL_ENABLE_DEBUG_INFO = NO;
				MTL_FAST_MATH = YES;
				SDKROOT = iphoneos;
				SWIFT_COMPILATION_MODE = wholemodule;
				SWIFT_OPTIMIZATION_LEVEL = "-O";
				VALIDATE_PRODUCT = YES;
			};
			name = Release;
		};
		9BBBF4EE236751D4009F03D3 /* Debug */ = {
			isa = XCBuildConfiguration;
			buildSettings = {
				ASSETCATALOG_COMPILER_APPICON_NAME = AppIcon;
				CODE_SIGN_STYLE = Automatic;
				INFOPLIST_FILE = bullEye/Info.plist;
				LD_RUNPATH_SEARCH_PATHS = (
					"$(inherited)",
					"@executable_path/Frameworks",
				);
				PRODUCT_BUNDLE_IDENTIFIER = CestarCollege.bullEye;
				PRODUCT_NAME = "$(TARGET_NAME)";
				SWIFT_VERSION = 5.0;
				TARGETED_DEVICE_FAMILY = "1,2";
			};
			name = Debug;
		};
		9BBBF4EF236751D4009F03D3 /* Release */ = {
			isa = XCBuildConfiguration;
			buildSettings = {
				ASSETCATALOG_COMPILER_APPICON_NAME = AppIcon;
				CODE_SIGN_STYLE = Automatic;
				INFOPLIST_FILE = bullEye/Info.plist;
				LD_RUNPATH_SEARCH_PATHS = (
					"$(inherited)",
					"@executable_path/Frameworks",
				);
				PRODUCT_BUNDLE_IDENTIFIER = CestarCollege.bullEye;
				PRODUCT_NAME = "$(TARGET_NAME)";
				SWIFT_VERSION = 5.0;
				TARGETED_DEVICE_FAMILY = "1,2";
			};
			name = Release;
		};
		9BBBF4F1236751D4009F03D3 /* Debug */ = {
			isa = XCBuildConfiguration;
			buildSettings = {
				ALWAYS_EMBED_SWIFT_STANDARD_LIBRARIES = YES;
				BUNDLE_LOADER = "$(TEST_HOST)";
				CODE_SIGN_STYLE = Automatic;
				INFOPLIST_FILE = bullEyeTests/Info.plist;
				LD_RUNPATH_SEARCH_PATHS = (
					"$(inherited)",
					"@executable_path/Frameworks",
					"@loader_path/Frameworks",
				);
				PRODUCT_BUNDLE_IDENTIFIER = CestarCollege.bullEyeTests;
				PRODUCT_NAME = "$(TARGET_NAME)";
				SWIFT_VERSION = 5.0;
				TARGETED_DEVICE_FAMILY = "1,2";
				TEST_HOST = "$(BUILT_PRODUCTS_DIR)/bullEye.app/bullEye";
			};
			name = Debug;
		};
		9BBBF4F2236751D4009F03D3 /* Release */ = {
			isa = XCBuildConfiguration;
			buildSettings = {
				ALWAYS_EMBED_SWIFT_STANDARD_LIBRARIES = YES;
				BUNDLE_LOADER = "$(TEST_HOST)";
				CODE_SIGN_STYLE = Automatic;
				INFOPLIST_FILE = bullEyeTests/Info.plist;
				LD_RUNPATH_SEARCH_PATHS = (
					"$(inherited)",
					"@executable_path/Frameworks",
					"@loader_path/Frameworks",
				);
				PRODUCT_BUNDLE_IDENTIFIER = CestarCollege.bullEyeTests;
				PRODUCT_NAME = "$(TARGET_NAME)";
				SWIFT_VERSION = 5.0;
				TARGETED_DEVICE_FAMILY = "1,2";
				TEST_HOST = "$(BUILT_PRODUCTS_DIR)/bullEye.app/bullEye";
			};
			name = Release;
		};
		9BBBF4F4236751D4009F03D3 /* Debug */ = {
			isa = XCBuildConfiguration;
			buildSettings = {
				ALWAYS_EMBED_SWIFT_STANDARD_LIBRARIES = YES;
				CODE_SIGN_STYLE = Automatic;
				INFOPLIST_FILE = bullEyeUITests/Info.plist;
				LD_RUNPATH_SEARCH_PATHS = (
					"$(inherited)",
					"@executable_path/Frameworks",
					"@loader_path/Frameworks",
				);
				PRODUCT_BUNDLE_IDENTIFIER = CestarCollege.bullEyeUITests;
				PRODUCT_NAME = "$(TARGET_NAME)";
				SWIFT_VERSION = 5.0;
				TARGETED_DEVICE_FAMILY = "1,2";
				TEST_TARGET_NAME = bullEye;
			};
			name = Debug;
		};
		9BBBF4F5236751D4009F03D3 /* Release */ = {
			isa = XCBuildConfiguration;
			buildSettings = {
				ALWAYS_EMBED_SWIFT_STANDARD_LIBRARIES = YES;
				CODE_SIGN_STYLE = Automatic;
				INFOPLIST_FILE = bullEyeUITests/Info.plist;
				LD_RUNPATH_SEARCH_PATHS = (
					"$(inherited)",
					"@executable_path/Frameworks",
					"@loader_path/Frameworks",
				);
				PRODUCT_BUNDLE_IDENTIFIER = CestarCollege.bullEyeUITests;
				PRODUCT_NAME = "$(TARGET_NAME)";
				SWIFT_VERSION = 5.0;
				TARGETED_DEVICE_FAMILY = "1,2";
				TEST_TARGET_NAME = bullEye;
			};
			name = Release;
		};
/* End XCBuildConfiguration section */

/* Begin XCConfigurationList section */
		9BBBF4C0236751D2009F03D3 /* Build configuration list for PBXProject "bullEye" */ = {
			isa = XCConfigurationList;
			buildConfigurations = (
				9BBBF4EB236751D4009F03D3 /* Debug */,
				9BBBF4EC236751D4009F03D3 /* Release */,
			);
			defaultConfigurationIsVisible = 0;
			defaultConfigurationName = Release;
		};
		9BBBF4ED236751D4009F03D3 /* Build configuration list for PBXNativeTarget "bullEye" */ = {
			isa = XCConfigurationList;
			buildConfigurations = (
				9BBBF4EE236751D4009F03D3 /* Debug */,
				9BBBF4EF236751D4009F03D3 /* Release */,
			);
			defaultConfigurationIsVisible = 0;
			defaultConfigurationName = Release;
		};
		9BBBF4F0236751D4009F03D3 /* Build configuration list for PBXNativeTarget "bullEyeTests" */ = {
			isa = XCConfigurationList;
			buildConfigurations = (
				9BBBF4F1236751D4009F03D3 /* Debug */,
				9BBBF4F2236751D4009F03D3 /* Release */,
			);
			defaultConfigurationIsVisible = 0;
			defaultConfigurationName = Release;
		};
		9BBBF4F3236751D4009F03D3 /* Build configuration list for PBXNativeTarget "bullEyeUITests" */ = {
			isa = XCConfigurationList;
			buildConfigurations = (
				9BBBF4F4236751D4009F03D3 /* Debug */,
				9BBBF4F5236751D4009F03D3 /* Release */,
			);
			defaultConfigurationIsVisible = 0;
			defaultConfigurationName = Release;
		};
/* End XCConfigurationList section */
	};
	rootObject = 9BBBF4BD236751D2009F03D3 /* Project object */;
}
